
Microsoft Visual Studio Solution File, Format Version 12.00
# Visual Studio 15
VisualStudioVersion = 15.0.27004.2006
MinimumVisualStudioVersion = 10.0.40219.1
Project("{FAE04EC0-301F-11D3-BF4B-00C04F79EFBC}") = "Xam.Plugin.Badger.Android", "Xam.Plugin.Badger.Android\Xam.Plugin.Badger.Android.csproj", "{F87C025D-F55E-4C93-9737-1849449AB479}"
EndProject
Project("{9A19103F-16F7-4668-BE54-9A1E7A4F7556}") = "Xam.Plugin.Badger.Abstractions", "Xam.Plugin.Badger.Abstractions\Xam.Plugin.Badger.Abstractions.csproj", "{588D798C-5081-4985-B993-BEC5DB9E239A}"
EndProject
Project("{2150E333-8FDC-42A3-9474-1A3956D46DE8}") = "NuGet", "NuGet", "{5F90172E-6DD0-49AE-A07E-25309C6CAE47}"
	ProjectSection(SolutionItems) = preProject
		LICENSE = LICENSE
		Plugin.nuspec = Plugin.nuspec
	EndProjectSection
EndProject
Project("{2150E333-8FDC-42A3-9474-1A3956D46DE8}") = "Samples", "Samples", "{9D81FAA7-D520-42C9-9BF9-B0DCB2CE5079}"
EndProject
Project("{FAE04EC0-301F-11D3-BF4B-00C04F79EFBC}") = "FormsSample.Android", "FormsBadgerSample\FormsBadgerSample.Android\FormsSample.Android.csproj", "{957BF686-E8BC-4678-BAD8-A806B7DE1BF4}"
EndProject
Project("{FAE04EC0-301F-11D3-BF4B-00C04F79EFBC}") = "FormsSample.iOS", "FormsBadgerSample\FormsBadgerSample.iOS\FormsSample.iOS.csproj", "{3ABB376A-1DA5-4299-8B05-569257AD18D5}"
EndProject
Project("{FAE04EC0-301F-11D3-BF4B-00C04F79EFBC}") = "FormsSample.Shared", "FormsBadgerSample.Shared\FormsSample.Shared.csproj", "{529B858C-783B-4128-9D24-929D16C864BB}"
EndProject
Global
	GlobalSection(SolutionConfigurationPlatforms) = preSolution
		Ad-Hoc|Any CPU = Ad-Hoc|Any CPU
		Ad-Hoc|iPhone = Ad-Hoc|iPhone
		Ad-Hoc|iPhoneSimulator = Ad-Hoc|iPhoneSimulator
		AppStore|Any CPU = AppStore|Any CPU
		AppStore|iPhone = AppStore|iPhone
		AppStore|iPhoneSimulator = AppStore|iPhoneSimulator
		Debug|Any CPU = Debug|Any CPU
		Debug|iPhone = Debug|iPhone
		Debug|iPhoneSimulator = Debug|iPhoneSimulator
		Release|Any CPU = Release|Any CPU
		Release|iPhone = Release|iPhone
		Release|iPhoneSimulator = Release|iPhoneSimulator
	EndGlobalSection
	GlobalSection(ProjectConfigurationPlatforms) = postSolution
		{F87C025D-F55E-4C93-9737-1849449AB479}.Ad-Hoc|Any CPU.ActiveCfg = Release|Any CPU
		{F87C025D-F55E-4C93-9737-1849449AB479}.Ad-Hoc|Any CPU.Build.0 = Release|Any CPU
		{F87C025D-F55E-4C93-9737-1849449AB479}.Ad-Hoc|iPhone.ActiveCfg = Release|Any CPU
		{F87C025D-F55E-4C93-9737-1849449AB479}.Ad-Hoc|iPhone.Build.0 = Release|Any CPU
		{F87C025D-F55E-4C93-9737-1849449AB479}.Ad-Hoc|iPhoneSimulator.ActiveCfg = Release|Any CPU
		{F87C025D-F55E-4C93-9737-1849449AB479}.Ad-Hoc|iPhoneSimulator.Build.0 = Release|Any CPU
		{F87C025D-F55E-4C93-9737-1849449AB479}.AppStore|Any CPU.ActiveCfg = Release|Any CPU
		{F87C025D-F55E-4C93-9737-1849449AB479}.AppStore|Any CPU.Build.0 = Release|Any CPU
		{F87C025D-F55E-4C93-9737-1849449AB479}.AppStore|iPhone.ActiveCfg = Release|Any CPU
		{F87C025D-F55E-4C93-9737-1849449AB479}.AppStore|iPhone.Build.0 = Release|Any CPU
		{F87C025D-F55E-4C93-9737-1849449AB479}.AppStore|iPhoneSimulator.ActiveCfg = Release|Any CPU
		{F87C025D-F55E-4C93-9737-1849449AB479}.AppStore|iPhoneSimulator.Build.0 = Release|Any CPU
		{F87C025D-F55E-4C93-9737-1849449AB479}.Debug|Any CPU.ActiveCfg = Debug|Any CPU
		{F87C025D-F55E-4C93-9737-1849449AB479}.Debug|Any CPU.Build.0 = Debug|Any CPU
		{F87C025D-F55E-4C93-9737-1849449AB479}.Debug|iPhone.ActiveCfg = Debug|Any CPU
		{F87C025D-F55E-4C93-9737-1849449AB479}.Debug|iPhone.Build.0 = Debug|Any CPU
		{F87C025D-F55E-4C93-9737-1849449AB479}.Debug|iPhoneSimulator.ActiveCfg = Debug|Any CPU
		{F87C025D-F55E-4C93-9737-1849449AB479}.Debug|iPhoneSimulator.Build.0 = Debug|Any CPU
		{F87C025D-F55E-4C93-9737-1849449AB479}.Release|Any CPU.ActiveCfg = Release|Any CPU
		{F87C025D-F55E-4C93-9737-1849449AB479}.Release|Any CPU.Build.0 = Release|Any CPU
		{F87C025D-F55E-4C93-9737-1849449AB479}.Release|iPhone.ActiveCfg = Release|Any CPU
		{F87C025D-F55E-4C93-9737-1849449AB479}.Release|iPhone.Build.0 = Release|Any CPU
		{F87C025D-F55E-4C93-9737-1849449AB479}.Release|iPhoneSimulator.ActiveCfg = Release|Any CPU
		{F87C025D-F55E-4C93-9737-1849449AB479}.Release|iPhoneSimulator.Build.0 = Release|Any CPU
		{588D798C-5081-4985-B993-BEC5DB9E239A}.Ad-Hoc|Any CPU.ActiveCfg = Release|Any CPU
		{588D798C-5081-4985-B993-BEC5DB9E239A}.Ad-Hoc|Any CPU.Build.0 = Release|Any CPU
		{588D798C-5081-4985-B993-BEC5DB9E239A}.Ad-Hoc|iPhone.ActiveCfg = Release|Any CPU
		{588D798C-5081-4985-B993-BEC5DB9E239A}.Ad-Hoc|iPhone.Build.0 = Release|Any CPU
		{588D798C-5081-4985-B993-BEC5DB9E239A}.Ad-Hoc|iPhoneSimulator.ActiveCfg = Release|Any CPU
		{588D798C-5081-4985-B993-BEC5DB9E239A}.Ad-Hoc|iPhoneSimulator.Build.0 = Release|Any CPU
		{588D798C-5081-4985-B993-BEC5DB9E239A}.AppStore|Any CPU.ActiveCfg = Release|Any CPU
		{588D798C-5081-4985-B993-BEC5DB9E239A}.AppStore|Any CPU.Build.0 = Release|Any CPU
		{588D798C-5081-4985-B993-BEC5DB9E239A}.AppStore|iPhone.ActiveCfg = Release|Any CPU
		{588D798C-5081-4985-B993-BEC5DB9E239A}.AppStore|iPhone.Build.0 = Release|Any CPU
		{588D798C-5081-4985-B993-BEC5DB9E239A}.AppStore|iPhoneSimulator.ActiveCfg = Release|Any CPU
		{588D798C-5081-4985-B993-BEC5DB9E239A}.AppStore|iPhoneSimulator.Build.0 = Release|Any CPU
		{588D798C-5081-4985-B993-BEC5DB9E239A}.Debug|Any CPU.ActiveCfg = Debug|Any CPU
		{588D798C-5081-4985-B993-BEC5DB9E239A}.Debug|Any CPU.Build.0 = Debug|Any CPU
		{588D798C-5081-4985-B993-BEC5DB9E239A}.Debug|iPhone.ActiveCfg = Debug|Any CPU
		{588D798C-5081-4985-B993-BEC5DB9E239A}.Debug|iPhone.Build.0 = Debug|Any CPU
		{588D798C-5081-4985-B993-BEC5DB9E239A}.Debug|iPhoneSimulator.ActiveCfg = Debug|Any CPU
		{588D798C-5081-4985-B993-BEC5DB9E239A}.Debug|iPhoneSimulator.Build.0 = Debug|Any CPU
		{588D798C-5081-4985-B993-BEC5DB9E239A}.Release|Any CPU.ActiveCfg = Release|Any CPU
		{588D798C-5081-4985-B993-BEC5DB9E239A}.Release|Any CPU.Build.0 = Release|Any CPU
		{588D798C-5081-4985-B993-BEC5DB9E239A}.Release|iPhone.ActiveCfg = Release|Any CPU
		{588D798C-5081-4985-B993-BEC5DB9E239A}.Release|iPhone.Build.0 = Release|Any CPU
		{588D798C-5081-4985-B993-BEC5DB9E239A}.Release|iPhoneSimulator.ActiveCfg = Release|Any CPU
		{588D798C-5081-4985-B993-BEC5DB9E239A}.Release|iPhoneSimulator.Build.0 = Release|Any CPU
		{957BF686-E8BC-4678-BAD8-A806B7DE1BF4}.Ad-Hoc|Any CPU.ActiveCfg = Release|Any CPU
		{957BF686-E8BC-4678-BAD8-A806B7DE1BF4}.Ad-Hoc|Any CPU.Build.0 = Release|Any CPU
		{957BF686-E8BC-4678-BAD8-A806B7DE1BF4}.Ad-Hoc|Any CPU.Deploy.0 = Release|Any CPU
		{957BF686-E8BC-4678-BAD8-A806B7DE1BF4}.Ad-Hoc|iPhone.ActiveCfg = Release|Any CPU
		{957BF686-E8BC-4678-BAD8-A806B7DE1BF4}.Ad-Hoc|iPhone.Build.0 = Release|Any CPU
		{957BF686-E8BC-4678-BAD8-A806B7DE1BF4}.Ad-Hoc|iPhone.Deploy.0 = Release|Any CPU
		{957BF686-E8BC-4678-BAD8-A806B7DE1BF4}.Ad-Hoc|iPhoneSimulator.ActiveCfg = Release|Any CPU
		{957BF686-E8BC-4678-BAD8-A806B7DE1BF4}.Ad-Hoc|iPhoneSimulator.Build.0 = Release|Any CPU
		{957BF686-E8BC-4678-BAD8-A806B7DE1BF4}.Ad-Hoc|iPhoneSimulator.Deploy.0 = Release|Any CPU
		{957BF686-E8BC-4678-BAD8-A806B7DE1BF4}.AppStore|Any CPU.ActiveCfg = Release|Any CPU
		{957BF686-E8BC-4678-BAD8-A806B7DE1BF4}.AppStore|Any CPU.Build.0 = Release|Any CPU
		{957BF686-E8BC-4678-BAD8-A806B7DE1BF4}.AppStore|Any CPU.Deploy.0 = Release|Any CPU
		{957BF686-E8BC-4678-BAD8-A806B7DE1BF4}.AppStore|iPhone.ActiveCfg = Release|Any CPU
		{957BF686-E8BC-4678-BAD8-A806B7DE1BF4}.AppStore|iPhone.Build.0 = Release|Any CPU
		{957BF686-E8BC-4678-BAD8-A806B7DE1BF4}.AppStore|iPhone.Deploy.0 = Release|Any CPU
		{957BF686-E8BC-4678-BAD8-A806B7DE1BF4}.AppStore|iPhoneSimulator.ActiveCfg = Release|Any CPU
		{957BF686-E8BC-4678-BAD8-A806B7DE1BF4}.AppStore|iPhoneSimulator.Build.0 = Release|Any CPU
		{957BF686-E8BC-4678-BAD8-A806B7DE1BF4}.AppStore|iPhoneSimulator.Deploy.0 = Release|Any CPU
		{957BF686-E8BC-4678-BAD8-A806B7DE1BF4}.Debug|Any CPU.ActiveCfg = Debug|Any CPU
		{957BF686-E8BC-4678-BAD8-A806B7DE1BF4}.Debug|Any CPU.Build.0 = Debug|Any CPU
		{957BF686-E8BC-4678-BAD8-A806B7DE1BF4}.Debug|Any CPU.Deploy.0 = Debug|Any CPU
		{957BF686-E8BC-4678-BAD8-A806B7DE1BF4}.Debug|iPhone.ActiveCfg = Debug|Any CPU
		{957BF686-E8BC-4678-BAD8-A806B7DE1BF4}.Debug|iPhone.Build.0 = Debug|Any CPU
		{957BF686-E8BC-4678-BAD8-A806B7DE1BF4}.Debug|iPhone.Deploy.0 = Debug|Any CPU
		{957BF686-E8BC-4678-BAD8-A806B7DE1BF4}.Debug|iPhoneSimulator.ActiveCfg = Debug|Any CPU
		{957BF686-E8BC-4678-BAD8-A806B7DE1BF4}.Debug|iPhoneSimulator.Build.0 = Debug|Any CPU
		{957BF686-E8BC-4678-BAD8-A806B7DE1BF4}.Debug|iPhoneSimulator.Deploy.0 = Debug|Any CPU
		{957BF686-E8BC-4678-BAD8-A806B7DE1BF4}.Release|Any CPU.ActiveCfg = Release|Any CPU
		{957BF686-E8BC-4678-BAD8-A806B7DE1BF4}.Release|Any CPU.Build.0 = Release|Any CPU
		{957BF686-E8BC-4678-BAD8-A806B7DE1BF4}.Release|Any CPU.Deploy.0 = Release|Any CPU
		{957BF686-E8BC-4678-BAD8-A806B7DE1BF4}.Release|iPhone.ActiveCfg = Release|Any CPU
		{957BF686-E8BC-4678-BAD8-A806B7DE1BF4}.Release|iPhone.Build.0 = Release|Any CPU
		{957BF686-E8BC-4678-BAD8-A806B7DE1BF4}.Release|iPhone.Deploy.0 = Release|Any CPU
		{957BF686-E8BC-4678-BAD8-A806B7DE1BF4}.Release|iPhoneSimulator.ActiveCfg = Release|Any CPU
		{957BF686-E8BC-4678-BAD8-A806B7DE1BF4}.Release|iPhoneSimulator.Build.0 = Release|Any CPU
		{957BF686-E8BC-4678-BAD8-A806B7DE1BF4}.Release|iPhoneSimulator.Deploy.0 = Release|Any CPU
		{3ABB376A-1DA5-4299-8B05-569257AD18D5}.Ad-Hoc|Any CPU.ActiveCfg = Ad-Hoc|iPhone
		{3ABB376A-1DA5-4299-8B05-569257AD18D5}.Ad-Hoc|iPhone.ActiveCfg = Ad-Hoc|iPhone
		{3ABB376A-1DA5-4299-8B05-569257AD18D5}.Ad-Hoc|iPhone.Build.0 = Ad-Hoc|iPhone
		{3ABB376A-1DA5-4299-8B05-569257AD18D5}.Ad-Hoc|iPhoneSimulator.ActiveCfg = Ad-Hoc|iPhoneSimulator
		{3ABB376A-1DA5-4299-8B05-569257AD18D5}.Ad-Hoc|iPhoneSimulator.Build.0 = Ad-Hoc|iPhoneSimulator
		{3ABB376A-1DA5-4299-8B05-569257AD18D5}.AppStore|Any CPU.ActiveCfg = AppStore|iPhone
		{3ABB376A-1DA5-4299-8B05-569257AD18D5}.AppStore|iPhone.ActiveCfg = AppStore|iPhone
		{3ABB376A-1DA5-4299-8B05-569257AD18D5}.AppStore|iPhone.Build.0 = AppStore|iPhone
		{3ABB376A-1DA5-4299-8B05-569257AD18D5}.AppStore|iPhoneSimulator.ActiveCfg = AppStore|iPhoneSimulator
		{3ABB376A-1DA5-4299-8B05-569257AD18D5}.AppStore|iPhoneSimulator.Build.0 = AppStore|iPhoneSimulator
		{3ABB376A-1DA5-4299-8B05-569257AD18D5}.Debug|Any CPU.ActiveCfg = Debug|iPhone
		{3ABB376A-1DA5-4299-8B05-569257AD18D5}.Debug|iPhone.ActiveCfg = Debug|iPhone
		{3ABB376A-1DA5-4299-8B05-569257AD18D5}.Debug|iPhone.Build.0 = Debug|iPhone
		{3ABB376A-1DA5-4299-8B05-569257AD18D5}.Debug|iPhoneSimulator.ActiveCfg = Debug|iPhoneSimulator
		{3ABB376A-1DA5-4299-8B05-569257AD18D5}.Debug|iPhoneSimulator.Build.0 = Debug|iPhoneSimulator
		{3ABB376A-1DA5-4299-8B05-569257AD18D5}.Release|Any CPU.ActiveCfg = Release|iPhone
		{3ABB376A-1DA5-4299-8B05-569257AD18D5}.Release|iPhone.ActiveCfg = Release|iPhone
		{3ABB376A-1DA5-4299-8B05-569257AD18D5}.Release|iPhone.Build.0 = Release|iPhone
		{3ABB376A-1DA5-4299-8B05-569257AD18D5}.Release|iPhoneSimulator.ActiveCfg = Release|iPhoneSimulator
		{3ABB376A-1DA5-4299-8B05-569257AD18D5}.Release|iPhoneSimulator.Build.0 = Release|iPhoneSimulator
		{529B858C-783B-4128-9D24-929D16C864BB}.Ad-Hoc|Any CPU.ActiveCfg = Debug|Any CPU
		{529B858C-783B-4128-9D24-929D16C864BB}.Ad-Hoc|Any CPU.Build.0 = Debug|Any CPU
		{529B858C-783B-4128-9D24-929D16C864BB}.Ad-Hoc|iPhone.ActiveCfg = Debug|Any CPU
		{529B858C-783B-4128-9D24-929D16C864BB}.Ad-Hoc|iPhone.Build.0 = Debug|Any CPU
		{529B858C-783B-4128-9D24-929D16C864BB}.Ad-Hoc|iPhoneSimulator.ActiveCfg = Debug|Any CPU
		{529B858C-783B-4128-9D24-929D16C864BB}.Ad-Hoc|iPhoneSimulator.Build.0 = Debug|Any CPU
		{529B858C-783B-4128-9D24-929D16C864BB}.AppStore|Any CPU.ActiveCfg = Debug|Any CPU
		{529B858C-783B-4128-9D24-929D16C864BB}.AppStore|Any CPU.Build.0 = Debug|Any CPU
		{529B858C-783B-4128-9D24-929D16C864BB}.AppStore|iPhone.ActiveCfg = Debug|Any CPU
		{529B858C-783B-4128-9D24-929D16C864BB}.AppStore|iPhone.Build.0 = Debug|Any CPU
		{529B858C-783B-4128-9D24-929D16C864BB}.AppStore|iPhoneSimulator.ActiveCfg = Debug|Any CPU
		{529B858C-783B-4128-9D24-929D16C864BB}.AppStore|iPhoneSimulator.Build.0 = Debug|Any CPU
		{529B858C-783B-4128-9D24-929D16C864BB}.Debug|Any CPU.ActiveCfg = Debug|Any CPU
		{529B858C-783B-4128-9D24-929D16C864BB}.Debug|Any CPU.Build.0 = Debug|Any CPU
		{529B858C-783B-4128-9D24-929D16C864BB}.Debug|iPhone.ActiveCfg = Debug|Any CPU
		{529B858C-783B-4128-9D24-929D16C864BB}.Debug|iPhone.Build.0 = Debug|Any CPU
		{529B858C-783B-4128-9D24-929D16C864BB}.Debug|iPhoneSimulator.ActiveCfg = Debug|Any CPU
		{529B858C-783B-4128-9D24-929D16C864BB}.Debug|iPhoneSimulator.Build.0 = Debug|Any CPU
		{529B858C-783B-4128-9D24-929D16C864BB}.Release|Any CPU.ActiveCfg = Release|Any CPU
		{529B858C-783B-4128-9D24-929D16C864BB}.Release|Any CPU.Build.0 = Release|Any CPU
		{529B858C-783B-4128-9D24-929D16C864BB}.Release|iPhone.ActiveCfg = Release|Any CPU
		{529B858C-783B-4128-9D24-929D16C864BB}.Release|iPhone.Build.0 = Release|Any CPU
		{529B858C-783B-4128-9D24-929D16C864BB}.Release|iPhoneSimulator.ActiveCfg = Release|Any CPU
		{529B858C-783B-4128-9D24-929D16C864BB}.Release|iPhoneSimulator.Build.0 = Release|Any CPU
	EndGlobalSection
	GlobalSection(SolutionProperties) = preSolution
		HideSolutionNode = FALSE
	EndGlobalSection
	GlobalSection(NestedProjects) = preSolution
		{957BF686-E8BC-4678-BAD8-A806B7DE1BF4} = {9D81FAA7-D520-42C9-9BF9-B0DCB2CE5079}
		{3ABB376A-1DA5-4299-8B05-569257AD18D5} = {9D81FAA7-D520-42C9-9BF9-B0DCB2CE5079}
		{529B858C-783B-4128-9D24-929D16C864BB} = {9D81FAA7-D520-42C9-9BF9-B0DCB2CE5079}
	EndGlobalSection
	GlobalSection(ExtensibilityGlobals) = postSolution
		SolutionGuid = {0D7BE15E-7D0E-476E-9993-8850F60B7BDC}
	EndGlobalSection
EndGlobal
